
Microsoft Visual Studio Solution File, Format Version 12.00
# Visual Studio Version 17
VisualStudioVersion = 17.6.33815.320
MinimumVisualStudioVersion = 10.0.40219.1
Project("{FAE04EC0-301F-11D3-BF4B-00C04F79EFBC}") = "CheckPizzaMaterial", "CheckPizzaMaterial\CheckPizzaMaterial.csproj", "{11F24000-A59A-4EC8-B241-0E0EE1B99611}"
EndProject
Global
	GlobalSection(SolutionConfigurationPlatforms) = preSolution
		Debug|Any CPU = Debug|Any CPU
		Release|Any CPU = Release|Any CPU
	EndGlobalSection
	GlobalSection(ProjectConfigurationPlatforms) = postSolution
		{11F24000-A59A-4EC8-B241-0E0EE1B99611}.Debug|Any CPU.ActiveCfg = Debug|Any CPU
		{11F24000-A59A-4EC8-B241-0E0EE1B99611}.Debug|Any CPU.Build.0 = Debug|Any CPU
		{11F24000-A59A-4EC8-B241-0E0EE1B99611}.Release|Any CPU.ActiveCfg = Release|Any CPU
		{11F24000-A59A-4EC8-B241-0E0EE1B99611}.Release|Any CPU.Build.0 = Release|Any CPU
	EndGlobalSection
	GlobalSection(SolutionProperties) = preSolution
		HideSolutionNode = FALSE
	EndGlobalSection
	GlobalSection(ExtensibilityGlobals) = postSolution
		SolutionGuid = {7ACFCCD0-4129-45C0-BEBD-A03A79C917D1}
	EndGlobalSection
EndGlobal
